
Microsoft Visual Studio Solution File, Format Version 12.00
# Visual Studio Version 17
VisualStudioVersion = 17.5.33414.496
MinimumVisualStudioVersion = 10.0.40219.1
Project("{F184B08F-C81C-45F6-A57F-5ABD9991F28F}") = "Praktikum 4", "Praktikum 4.vbproj", "{B8B30926-B7D0-4B23-9CE1-E5F12D83F19D}"
EndProject
Global
	GlobalSection(SolutionConfigurationPlatforms) = preSolution
		Debug|Any CPU = Debug|Any CPU
		Release|Any CPU = Release|Any CPU
	EndGlobalSection
	GlobalSection(ProjectConfigurationPlatforms) = postSolution
		{B8B30926-B7D0-4B23-9CE1-E5F12D83F19D}.Debug|Any CPU.ActiveCfg = Debug|Any CPU
		{B8B30926-B7D0-4B23-9CE1-E5F12D83F19D}.Debug|Any CPU.Build.0 = Debug|Any CPU
		{B8B30926-B7D0-4B23-9CE1-E5F12D83F19D}.Release|Any CPU.ActiveCfg = Release|Any CPU
		{B8B30926-B7D0-4B23-9CE1-E5F12D83F19D}.Release|Any CPU.Build.0 = Release|Any CPU
	EndGlobalSection
	GlobalSection(SolutionProperties) = preSolution
		HideSolutionNode = FALSE
	EndGlobalSection
	GlobalSection(ExtensibilityGlobals) = postSolution
		SolutionGuid = {ED8BF8A8-C1FB-4406-A625-FCEC2FF7BE4F}
	EndGlobalSection
EndGlobal
