
Microsoft Visual Studio Solution File, Format Version 12.00
# Visual Studio 15
VisualStudioVersion = 15.0.33403.129
MinimumVisualStudioVersion = 10.0.40219.1
Project("{F184B08F-C81C-45F6-A57F-5ABD9991F28F}") = "Module", "Module\Module.vbproj", "{5EFAC2C9-3E57-4E84-B8D1-6EA789AD1944}"
EndProject
Global
	GlobalSection(SolutionConfigurationPlatforms) = preSolution
		Debug|Any CPU = Debug|Any CPU
		Release|Any CPU = Release|Any CPU
	EndGlobalSection
	GlobalSection(ProjectConfigurationPlatforms) = postSolution
		{5EFAC2C9-3E57-4E84-B8D1-6EA789AD1944}.Debug|Any CPU.ActiveCfg = Debug|Any CPU
		{5EFAC2C9-3E57-4E84-B8D1-6EA789AD1944}.Debug|Any CPU.Build.0 = Debug|Any CPU
		{5EFAC2C9-3E57-4E84-B8D1-6EA789AD1944}.Release|Any CPU.ActiveCfg = Release|Any CPU
		{5EFAC2C9-3E57-4E84-B8D1-6EA789AD1944}.Release|Any CPU.Build.0 = Release|Any CPU
	EndGlobalSection
	GlobalSection(SolutionProperties) = preSolution
		HideSolutionNode = FALSE
	EndGlobalSection
	GlobalSection(ExtensibilityGlobals) = postSolution
		SolutionGuid = {75599858-3747-4672-9CA3-D73742CF7299}
	EndGlobalSection
EndGlobal
